// !$*UTF8*$!
{
	archiveVersion = 1;
	classes = {
	};
	objectVersion = 48;
	objects = {

/* Begin PBXBuildFile section */
		F819BA122053AE5C00FBB8F1 /* AppDelegate.swift in Sources */ = {isa = PBXBuildFile; fileRef = F819BA112053AE5C00FBB8F1 /* AppDelegate.swift */; };
		F819BA142053AE5C00FBB8F1 /* ViewController.swift in Sources */ = {isa = PBXBuildFile; fileRef = F819BA132053AE5C00FBB8F1 /* ViewController.swift */; };
		F819BA172053AE5C00FBB8F1 /* Main.storyboard in Resources */ = {isa = PBXBuildFile; fileRef = F819BA152053AE5C00FBB8F1 /* Main.storyboard */; };
		F819BA192053AE5C00FBB8F1 /* Assets.xcassets in Resources */ = {isa = PBXBuildFile; fileRef = F819BA182053AE5C00FBB8F1 /* Assets.xcassets */; };
		F819BA1C2053AE5C00FBB8F1 /* LaunchScreen.storyboard in Resources */ = {isa = PBXBuildFile; fileRef = F819BA1A2053AE5C00FBB8F1 /* LaunchScreen.storyboard */; };
		F819BA272053AE5C00FBB8F1 /* HighLoadBigDataTests.swift in Sources */ = {isa = PBXBuildFile; fileRef = F819BA262053AE5C00FBB8F1 /* HighLoadBigDataTests.swift */; };
		F819BA322053AE5C00FBB8F1 /* HighLoadBigDataUITests.swift in Sources */ = {isa = PBXBuildFile; fileRef = F819BA312053AE5C00FBB8F1 /* HighLoadBigDataUITests.swift */; };
/* End PBXBuildFile section */

/* Begin PBXContainerItemProxy section */
		F819BA232053AE5C00FBB8F1 /* PBXContainerItemProxy */ = {
			isa = PBXContainerItemProxy;
			containerPortal = F819BA062053AE5C00FBB8F1 /* Project object */;
			proxyType = 1;
			remoteGlobalIDString = F819BA0D2053AE5C00FBB8F1;
			remoteInfo = HighLoadBigData;
		};
		F819BA2E2053AE5C00FBB8F1 /* PBXContainerItemProxy */ = {
			isa = PBXContainerItemProxy;
			containerPortal = F819BA062053AE5C00FBB8F1 /* Project object */;
			proxyType = 1;
			remoteGlobalIDString = F819BA0D2053AE5C00FBB8F1;
			remoteInfo = HighLoadBigData;
		};
/* End PBXContainerItemProxy section */

/* Begin PBXFileReference section */
		F819BA0E2053AE5C00FBB8F1 /* HighLoadBigData.app */ = {isa = PBXFileReference; explicitFileType = wrapper.application; includeInIndex = 0; path = HighLoadBigData.app; sourceTree = BUILT_PRODUCTS_DIR; };
		F819BA112053AE5C00FBB8F1 /* AppDelegate.swift */ = {isa = PBXFileReference; lastKnownFileType = sourcecode.swift; path = AppDelegate.swift; sourceTree = "<group>"; };
		F819BA132053AE5C00FBB8F1 /* ViewController.swift */ = {isa = PBXFileReference; lastKnownFileType = sourcecode.swift; path = ViewController.swift; sourceTree = "<group>"; };
		F819BA162053AE5C00FBB8F1 /* Base */ = {isa = PBXFileReference; lastKnownFileType = file.storyboard; name = Base; path = Base.lproj/Main.storyboard; sourceTree = "<group>"; };
		F819BA182053AE5C00FBB8F1 /* Assets.xcassets */ = {isa = PBXFileReference; lastKnownFileType = folder.assetcatalog; path = Assets.xcassets; sourceTree = "<group>"; };
		F819BA1B2053AE5C00FBB8F1 /* Base */ = {isa = PBXFileReference; lastKnownFileType = file.storyboard; name = Base; path = Base.lproj/LaunchScreen.storyboard; sourceTree = "<group>"; };
		F819BA1D2053AE5C00FBB8F1 /* Info.plist */ = {isa = PBXFileReference; lastKnownFileType = text.plist.xml; path = Info.plist; sourceTree = "<group>"; };
		F819BA222053AE5C00FBB8F1 /* HighLoadBigDataTests.xctest */ = {isa = PBXFileReference; explicitFileType = wrapper.cfbundle; includeInIndex = 0; path = HighLoadBigDataTests.xctest; sourceTree = BUILT_PRODUCTS_DIR; };
		F819BA262053AE5C00FBB8F1 /* HighLoadBigDataTests.swift */ = {isa = PBXFileReference; lastKnownFileType = sourcecode.swift; path = HighLoadBigDataTests.swift; sourceTree = "<group>"; };
		F819BA282053AE5C00FBB8F1 /* Info.plist */ = {isa = PBXFileReference; lastKnownFileType = text.plist.xml; path = Info.plist; sourceTree = "<group>"; };
		F819BA2D2053AE5C00FBB8F1 /* HighLoadBigDataUITests.xctest */ = {isa = PBXFileReference; explicitFileType = wrapper.cfbundle; includeInIndex = 0; path = HighLoadBigDataUITests.xctest; sourceTree = BUILT_PRODUCTS_DIR; };
		F819BA312053AE5C00FBB8F1 /* HighLoadBigDataUITests.swift */ = {isa = PBXFileReference; lastKnownFileType = sourcecode.swift; path = HighLoadBigDataUITests.swift; sourceTree = "<group>"; };
		F819BA332053AE5C00FBB8F1 /* Info.plist */ = {isa = PBXFileReference; lastKnownFileType = text.plist.xml; path = Info.plist; sourceTree = "<group>"; };
/* End PBXFileReference section */

/* Begin PBXFrameworksBuildPhase section */
		F819BA0B2053AE5C00FBB8F1 /* Frameworks */ = {
			isa = PBXFrameworksBuildPhase;
			buildActionMask = 2147483647;
			files = (
			);
			runOnlyForDeploymentPostprocessing = 0;
		};
		F819BA1F2053AE5C00FBB8F1 /* Frameworks */ = {
			isa = PBXFrameworksBuildPhase;
			buildActionMask = 2147483647;
			files = (
			);
			runOnlyForDeploymentPostprocessing = 0;
		};
		F819BA2A2053AE5C00FBB8F1 /* Frameworks */ = {
			isa = PBXFrameworksBuildPhase;
			buildActionMask = 2147483647;
			files = (
			);
			runOnlyForDeploymentPostprocessing = 0;
		};
/* End PBXFrameworksBuildPhase section */

/* Begin PBXGroup section */
		F819BA052053AE5C00FBB8F1 = {
			isa = PBXGroup;
			children = (
				F819BA102053AE5C00FBB8F1 /* HighLoadBigData */,
				F819BA252053AE5C00FBB8F1 /* HighLoadBigDataTests */,
				F819BA302053AE5C00FBB8F1 /* HighLoadBigDataUITests */,
				F819BA0F2053AE5C00FBB8F1 /* Products */,
			);
			sourceTree = "<group>";
		};
		F819BA0F2053AE5C00FBB8F1 /* Products */ = {
			isa = PBXGroup;
			children = (
				F819BA0E2053AE5C00FBB8F1 /* HighLoadBigData.app */,
				F819BA222053AE5C00FBB8F1 /* HighLoadBigDataTests.xctest */,
				F819BA2D2053AE5C00FBB8F1 /* HighLoadBigDataUITests.xctest */,
			);
			name = Products;
			sourceTree = "<group>";
		};
		F819BA102053AE5C00FBB8F1 /* HighLoadBigData */ = {
			isa = PBXGroup;
			children = (
				F819BA112053AE5C00FBB8F1 /* AppDelegate.swift */,
				F819BA132053AE5C00FBB8F1 /* ViewController.swift */,
				F819BA152053AE5C00FBB8F1 /* Main.storyboard */,
				F819BA182053AE5C00FBB8F1 /* Assets.xcassets */,
				F819BA1A2053AE5C00FBB8F1 /* LaunchScreen.storyboard */,
				F819BA1D2053AE5C00FBB8F1 /* Info.plist */,
			);
			path = HighLoadBigData;
			sourceTree = "<group>";
		};
		F819BA252053AE5C00FBB8F1 /* HighLoadBigDataTests */ = {
			isa = PBXGroup;
			children = (
				F819BA262053AE5C00FBB8F1 /* HighLoadBigDataTests.swift */,
				F819BA282053AE5C00FBB8F1 /* Info.plist */,
			);
			path = HighLoadBigDataTests;
			sourceTree = "<group>";
		};
		F819BA302053AE5C00FBB8F1 /* HighLoadBigDataUITests */ = {
			isa = PBXGroup;
			children = (
				F819BA312053AE5C00FBB8F1 /* HighLoadBigDataUITests.swift */,
				F819BA332053AE5C00FBB8F1 /* Info.plist */,
			);
			path = HighLoadBigDataUITests;
			sourceTree = "<group>";
		};
/* End PBXGroup section */

/* Begin PBXNativeTarget section */
		F819BA0D2053AE5C00FBB8F1 /* HighLoadBigData */ = {
			isa = PBXNativeTarget;
			buildConfigurationList = F819BA362053AE5C00FBB8F1 /* Build configuration list for PBXNativeTarget "HighLoadBigData" */;
			buildPhases = (
				F819BA0A2053AE5C00FBB8F1 /* Sources */,
				F819BA0B2053AE5C00FBB8F1 /* Frameworks */,
				F819BA0C2053AE5C00FBB8F1 /* Resources */,
			);
			buildRules = (
			);
			dependencies = (
			);
			name = HighLoadBigData;
			productName = HighLoadBigData;
			productReference = F819BA0E2053AE5C00FBB8F1 /* HighLoadBigData.app */;
			productType = "com.apple.product-type.application";
		};
		F819BA212053AE5C00FBB8F1 /* HighLoadBigDataTests */ = {
			isa = PBXNativeTarget;
			buildConfigurationList = F819BA392053AE5C00FBB8F1 /* Build configuration list for PBXNativeTarget "HighLoadBigDataTests" */;
			buildPhases = (
				F819BA1E2053AE5C00FBB8F1 /* Sources */,
				F819BA1F2053AE5C00FBB8F1 /* Frameworks */,
				F819BA202053AE5C00FBB8F1 /* Resources */,
			);
			buildRules = (
			);
			dependencies = (
				F819BA242053AE5C00FBB8F1 /* PBXTargetDependency */,
			);
			name = HighLoadBigDataTests;
			productName = HighLoadBigDataTests;
			productReference = F819BA222053AE5C00FBB8F1 /* HighLoadBigDataTests.xctest */;
			productType = "com.apple.product-type.bundle.unit-test";
		};
		F819BA2C2053AE5C00FBB8F1 /* HighLoadBigDataUITests */ = {
			isa = PBXNativeTarget;
			buildConfigurationList = F819BA3C2053AE5C00FBB8F1 /* Build configuration list for PBXNativeTarget "HighLoadBigDataUITests" */;
			buildPhases = (
				F819BA292053AE5C00FBB8F1 /* Sources */,
				F819BA2A2053AE5C00FBB8F1 /* Frameworks */,
				F819BA2B2053AE5C00FBB8F1 /* Resources */,
			);
			buildRules = (
			);
			dependencies = (
				F819BA2F2053AE5C00FBB8F1 /* PBXTargetDependency */,
			);
			name = HighLoadBigDataUITests;
			productName = HighLoadBigDataUITests;
			productReference = F819BA2D2053AE5C00FBB8F1 /* HighLoadBigDataUITests.xctest */;
			productType = "com.apple.product-type.bundle.ui-testing";
		};
/* End PBXNativeTarget section */

/* Begin PBXProject section */
		F819BA062053AE5C00FBB8F1 /* Project object */ = {
			isa = PBXProject;
			attributes = {
				LastSwiftUpdateCheck = 0920;
				LastUpgradeCheck = 0920;
				ORGANIZATIONNAME = "Artem Razinov";
				TargetAttributes = {
					F819BA0D2053AE5C00FBB8F1 = {
						CreatedOnToolsVersion = 9.2;
						ProvisioningStyle = Automatic;
					};
					F819BA212053AE5C00FBB8F1 = {
						CreatedOnToolsVersion = 9.2;
						ProvisioningStyle = Automatic;
						TestTargetID = F819BA0D2053AE5C00FBB8F1;
					};
					F819BA2C2053AE5C00FBB8F1 = {
						CreatedOnToolsVersion = 9.2;
						ProvisioningStyle = Automatic;
						TestTargetID = F819BA0D2053AE5C00FBB8F1;
					};
				};
			};
			buildConfigurationList = F819BA092053AE5C00FBB8F1 /* Build configuration list for PBXProject "HighLoadBigData" */;
			compatibilityVersion = "Xcode 8.0";
			developmentRegion = en;
			hasScannedForEncodings = 0;
			knownRegions = (
				en,
				Base,
			);
			mainGroup = F819BA052053AE5C00FBB8F1;
			productRefGroup = F819BA0F2053AE5C00FBB8F1 /* Products */;
			projectDirPath = "";
			projectRoot = "";
			targets = (
				F819BA0D2053AE5C00FBB8F1 /* HighLoadBigData */,
				F819BA212053AE5C00FBB8F1 /* HighLoadBigDataTests */,
				F819BA2C2053AE5C00FBB8F1 /* HighLoadBigDataUITests */,
			);
		};
/* End PBXProject section */

/* Begin PBXResourcesBuildPhase section */
		F819BA0C2053AE5C00FBB8F1 /* Resources */ = {
			isa = PBXResourcesBuildPhase;
			buildActionMask = 2147483647;
			files = (
				F819BA1C2053AE5C00FBB8F1 /* LaunchScreen.storyboard in Resources */,
				F819BA192053AE5C00FBB8F1 /* Assets.xcassets in Resources */,
				F819BA172053AE5C00FBB8F1 /* Main.storyboard in Resources */,
			);
			runOnlyForDeploymentPostprocessing = 0;
		};
		F819BA202053AE5C00FBB8F1 /* Resources */ = {
			isa = PBXResourcesBuildPhase;
			buildActionMask = 2147483647;
			files = (
			);
			runOnlyForDeploymentPostprocessing = 0;
		};
		F819BA2B2053AE5C00FBB8F1 /* Resources */ = {
			isa = PBXResourcesBuildPhase;
			buildActionMask = 2147483647;
			files = (
			);
			runOnlyForDeploymentPostprocessing = 0;
		};
/* End PBXResourcesBuildPhase section */

/* Begin PBXSourcesBuildPhase section */
		F819BA0A2053AE5C00FBB8F1 /* Sources */ = {
			isa = PBXSourcesBuildPhase;
			buildActionMask = 2147483647;
			files = (
				F819BA142053AE5C00FBB8F1 /* ViewController.swift in Sources */,
				F819BA122053AE5C00FBB8F1 /* AppDelegate.swift in Sources */,
			);
			runOnlyForDeploymentPostprocessing = 0;
		};
		F819BA1E2053AE5C00FBB8F1 /* Sources */ = {
			isa = PBXSourcesBuildPhase;
			buildActionMask = 2147483647;
			files = (
				F819BA272053AE5C00FBB8F1 /* HighLoadBigDataTests.swift in Sources */,
			);
			runOnlyForDeploymentPostprocessing = 0;
		};
		F819BA292053AE5C00FBB8F1 /* Sources */ = {
			isa = PBXSourcesBuildPhase;
			buildActionMask = 2147483647;
			files = (
				F819BA322053AE5C00FBB8F1 /* HighLoadBigDataUITests.swift in Sources */,
			);
			runOnlyForDeploymentPostprocessing = 0;
		};
/* End PBXSourcesBuildPhase section */

/* Begin PBXTargetDependency section */
		F819BA242053AE5C00FBB8F1 /* PBXTargetDependency */ = {
			isa = PBXTargetDependency;
			target = F819BA0D2053AE5C00FBB8F1 /* HighLoadBigData */;
			targetProxy = F819BA232053AE5C00FBB8F1 /* PBXContainerItemProxy */;
		};
		F819BA2F2053AE5C00FBB8F1 /* PBXTargetDependency */ = {
			isa = PBXTargetDependency;
			target = F819BA0D2053AE5C00FBB8F1 /* HighLoadBigData */;
			targetProxy = F819BA2E2053AE5C00FBB8F1 /* PBXContainerItemProxy */;
		};
/* End PBXTargetDependency section */

/* Begin PBXVariantGroup section */
		F819BA152053AE5C00FBB8F1 /* Main.storyboard */ = {
			isa = PBXVariantGroup;
			children = (
				F819BA162053AE5C00FBB8F1 /* Base */,
			);
			name = Main.storyboard;
			sourceTree = "<group>";
		};
		F819BA1A2053AE5C00FBB8F1 /* LaunchScreen.storyboard */ = {
			isa = PBXVariantGroup;
			children = (
				F819BA1B2053AE5C00FBB8F1 /* Base */,
			);
			name = LaunchScreen.storyboard;
			sourceTree = "<group>";
		};
/* End PBXVariantGroup section */

/* Begin XCBuildConfiguration section */
		F819BA342053AE5C00FBB8F1 /* Debug */ = {
			isa = XCBuildConfiguration;
			buildSettings = {
				ALWAYS_SEARCH_USER_PATHS = NO;
				CLANG_ANALYZER_NONNULL = YES;
				CLANG_ANALYZER_NUMBER_OBJECT_CONVERSION = YES_AGGRESSIVE;
				CLANG_CXX_LANGUAGE_STANDARD = "gnu++14";
				CLANG_CXX_LIBRARY = "libc++";
				CLANG_ENABLE_MODULES = YES;
				CLANG_ENABLE_OBJC_ARC = YES;
				CLANG_WARN_BLOCK_CAPTURE_AUTORELEASING = YES;
				CLANG_WARN_BOOL_CONVERSION = YES;
				CLANG_WARN_COMMA = YES;
				CLANG_WARN_CONSTANT_CONVERSION = YES;
				CLANG_WARN_DIRECT_OBJC_ISA_USAGE = YES_ERROR;
				CLANG_WARN_DOCUMENTATION_COMMENTS = YES;
				CLANG_WARN_EMPTY_BODY = YES;
				CLANG_WARN_ENUM_CONVERSION = YES;
				CLANG_WARN_INFINITE_RECURSION = YES;
				CLANG_WARN_INT_CONVERSION = YES;
				CLANG_WARN_NON_LITERAL_NULL_CONVERSION = YES;
				CLANG_WARN_OBJC_LITERAL_CONVERSION = YES;
				CLANG_WARN_OBJC_ROOT_CLASS = YES_ERROR;
				CLANG_WARN_RANGE_LOOP_ANALYSIS = YES;
				CLANG_WARN_STRICT_PROTOTYPES = YES;
				CLANG_WARN_SUSPICIOUS_MOVE = YES;
				CLANG_WARN_UNGUARDED_AVAILABILITY = YES_AGGRESSIVE;
				CLANG_WARN_UNREACHABLE_CODE = YES;
				CLANG_WARN__DUPLICATE_METHOD_MATCH = YES;
				CODE_SIGN_IDENTITY = "iPhone Developer";
				COPY_PHASE_STRIP = NO;
				DEBUG_INFORMATION_FORMAT = dwarf;
				ENABLE_STRICT_OBJC_MSGSEND = YES;
				ENABLE_TESTABILITY = YES;
				GCC_C_LANGUAGE_STANDARD = gnu11;
				GCC_DYNAMIC_NO_PIC = NO;
				GCC_NO_COMMON_BLOCKS = YES;
				GCC_OPTIMIZATION_LEVEL = 0;
				GCC_PREPROCESSOR_DEFINITIONS = (
					"DEBUG=1",
					"$(inherited)",
				);
				GCC_WARN_64_TO_32_BIT_CONVERSION = YES;
				GCC_WARN_ABOUT_RETURN_TYPE = YES_ERROR;
				GCC_WARN_UNDECLARED_SELECTOR = YES;
				GCC_WARN_UNINITIALIZED_AUTOS = YES_AGGRESSIVE;
				GCC_WARN_UNUSED_FUNCTION = YES;
				GCC_WARN_UNUSED_VARIABLE = YES;
				IPHONEOS_DEPLOYMENT_TARGET = 11.2;
				MTL_ENABLE_DEBUG_INFO = YES;
				ONLY_ACTIVE_ARCH = YES;
				SDKROOT = iphoneos;
				SWIFT_ACTIVE_COMPILATION_CONDITIONS = DEBUG;
				SWIFT_OPTIMIZATION_LEVEL = "-Onone";
			};
			name = Debug;
		};
		F819BA352053AE5C00FBB8F1 /* Release */ = {
			isa = XCBuildConfiguration;
			buildSettings = {
				ALWAYS_SEARCH_USER_PATHS = NO;
				CLANG_ANALYZER_NONNULL = YES;
				CLANG_ANALYZER_NUMBER_OBJECT_CONVERSION = YES_AGGRESSIVE;
				CLANG_CXX_LANGUAGE_STANDARD = "gnu++14";
				CLANG_CXX_LIBRARY = "libc++";
				CLANG_ENABLE_MODULES = YES;
				CLANG_ENABLE_OBJC_ARC = YES;
				CLANG_WARN_BLOCK_CAPTURE_AUTORELEASING = YES;
				CLANG_WARN_BOOL_CONVERSION = YES;
				CLANG_WARN_COMMA = YES;
				CLANG_WARN_CONSTANT_CONVERSION = YES;
				CLANG_WARN_DIRECT_OBJC_ISA_USAGE = YES_ERROR;
				CLANG_WARN_DOCUMENTATION_COMMENTS = YES;
				CLANG_WARN_EMPTY_BODY = YES;
				CLANG_WARN_ENUM_CONVERSION = YES;
				CLANG_WARN_INFINITE_RECURSION = YES;
				CLANG_WARN_INT_CONVERSION = YES;
				CLANG_WARN_NON_LITERAL_NULL_CONVERSION = YES;
				CLANG_WARN_OBJC_LITERAL_CONVERSION = YES;
				CLANG_WARN_OBJC_ROOT_CLASS = YES_ERROR;
				CLANG_WARN_RANGE_LOOP_ANALYSIS = YES;
				CLANG_WARN_STRICT_PROTOTYPES = YES;
				CLANG_WARN_SUSPICIOUS_MOVE = YES;
				CLANG_WARN_UNGUARDED_AVAILABILITY = YES_AGGRESSIVE;
				CLANG_WARN_UNREACHABLE_CODE = YES;
				CLANG_WARN__DUPLICATE_METHOD_MATCH = YES;
				CODE_SIGN_IDENTITY = "iPhone Developer";
				COPY_PHASE_STRIP = NO;
				DEBUG_INFORMATION_FORMAT = "dwarf-with-dsym";
				ENABLE_NS_ASSERTIONS = NO;
				ENABLE_STRICT_OBJC_MSGSEND = YES;
				GCC_C_LANGUAGE_STANDARD = gnu11;
				GCC_NO_COMMON_BLOCKS = YES;
				GCC_WARN_64_TO_32_BIT_CONVERSION = YES;
				GCC_WARN_ABOUT_RETURN_TYPE = YES_ERROR;
				GCC_WARN_UNDECLARED_SELECTOR = YES;
				GCC_WARN_UNINITIALIZED_AUTOS = YES_AGGRESSIVE;
				GCC_WARN_UNUSED_FUNCTION = YES;
				GCC_WARN_UNUSED_VARIABLE = YES;
				IPHONEOS_DEPLOYMENT_TARGET = 11.2;
				MTL_ENABLE_DEBUG_INFO = NO;
				SDKROOT = iphoneos;
				SWIFT_OPTIMIZATION_LEVEL = "-Owholemodule";
				VALIDATE_PRODUCT = YES;
			};
			name = Release;
		};
		F819BA372053AE5C00FBB8F1 /* Debug */ = {
			isa = XCBuildConfiguration;
			buildSettings = {
				ASSETCATALOG_COMPILER_APPICON_NAME = AppIcon;
				CODE_SIGN_STYLE = Automatic;
				INFOPLIST_FILE = HighLoadBigData/Info.plist;
				LD_RUNPATH_SEARCH_PATHS = "$(inherited) @executable_path/Frameworks";
				PRODUCT_BUNDLE_IDENTIFIER = BlockchainSolutions.HighLoadBigData;
				PRODUCT_NAME = "$(TARGET_NAME)";
				SWIFT_VERSION = 4.0;
				TARGETED_DEVICE_FAMILY = "1,2";
			};
			name = Debug;
		};
		F819BA382053AE5C00FBB8F1 /* Release */ = {
			isa = XCBuildConfiguration;
			buildSettings = {
				ASSETCATALOG_COMPILER_APPICON_NAME = AppIcon;
				CODE_SIGN_STYLE = Automatic;
				INFOPLIST_FILE = HighLoadBigData/Info.plist;
				LD_RUNPATH_SEARCH_PATHS = "$(inherited) @executable_path/Frameworks";
				PRODUCT_BUNDLE_IDENTIFIER = BlockchainSolutions.HighLoadBigData;
				PRODUCT_NAME = "$(TARGET_NAME)";
				SWIFT_VERSION = 4.0;
				TARGETED_DEVICE_FAMILY = "1,2";
			};
			name = Release;
		};
		F819BA3A2053AE5C00FBB8F1 /* Debug */ = {
			isa = XCBuildConfiguration;
			buildSettings = {
				ALWAYS_EMBED_SWIFT_STANDARD_LIBRARIES = YES;
				BUNDLE_LOADER = "$(TEST_HOST)";
				CODE_SIGN_STYLE = Automatic;
				INFOPLIST_FILE = HighLoadBigDataTests/Info.plist;
				LD_RUNPATH_SEARCH_PATHS = "$(inherited) @executable_path/Frameworks @loader_path/Frameworks";
				PRODUCT_BUNDLE_IDENTIFIER = BlockchainSolutions.HighLoadBigDataTests;
				PRODUCT_NAME = "$(TARGET_NAME)";
				SWIFT_VERSION = 4.0;
				TARGETED_DEVICE_FAMILY = "1,2";
				TEST_HOST = "$(BUILT_PRODUCTS_DIR)/HighLoadBigData.app/HighLoadBigData";
			};
			name = Debug;
		};
		F819BA3B2053AE5C00FBB8F1 /* Release */ = {
			isa = XCBuildConfiguration;
			buildSettings = {
				ALWAYS_EMBED_SWIFT_STANDARD_LIBRARIES = YES;
				BUNDLE_LOADER = "$(TEST_HOST)";
				CODE_SIGN_STYLE = Automatic;
				INFOPLIST_FILE = HighLoadBigDataTests/Info.plist;
				LD_RUNPATH_SEARCH_PATHS = "$(inherited) @executable_path/Frameworks @loader_path/Frameworks";
				PRODUCT_BUNDLE_IDENTIFIER = BlockchainSolutions.HighLoadBigDataTests;
				PRODUCT_NAME = "$(TARGET_NAME)";
				SWIFT_VERSION = 4.0;
				TARGETED_DEVICE_FAMILY = "1,2";
				TEST_HOST = "$(BUILT_PRODUCTS_DIR)/HighLoadBigData.app/HighLoadBigData";
			};
			name = Release;
		};
		F819BA3D2053AE5C00FBB8F1 /* Debug */ = {
			isa = XCBuildConfiguration;
			buildSettings = {
				ALWAYS_EMBED_SWIFT_STANDARD_LIBRARIES = YES;
				CODE_SIGN_STYLE = Automatic;
				INFOPLIST_FILE = HighLoadBigDataUITests/Info.plist;
				LD_RUNPATH_SEARCH_PATHS = "$(inherited) @executable_path/Frameworks @loader_path/Frameworks";
				PRODUCT_BUNDLE_IDENTIFIER = BlockchainSolutions.HighLoadBigDataUITests;
				PRODUCT_NAME = "$(TARGET_NAME)";
				SWIFT_VERSION = 4.0;
				TARGETED_DEVICE_FAMILY = "1,2";
				TEST_TARGET_NAME = HighLoadBigData;
			};
			name = Debug;
		};
		F819BA3E2053AE5C00FBB8F1 /* Release */ = {
			isa = XCBuildConfiguration;
			buildSettings = {
				ALWAYS_EMBED_SWIFT_STANDARD_LIBRARIES = YES;
				CODE_SIGN_STYLE = Automatic;
				INFOPLIST_FILE = HighLoadBigDataUITests/Info.plist;
				LD_RUNPATH_SEARCH_PATHS = "$(inherited) @executable_path/Frameworks @loader_path/Frameworks";
				PRODUCT_BUNDLE_IDENTIFIER = BlockchainSolutions.HighLoadBigDataUITests;
				PRODUCT_NAME = "$(TARGET_NAME)";
				SWIFT_VERSION = 4.0;
				TARGETED_DEVICE_FAMILY = "1,2";
				TEST_TARGET_NAME = HighLoadBigData;
			};
			name = Release;
		};
/* End XCBuildConfiguration section */

/* Begin XCConfigurationList section */
		F819BA092053AE5C00FBB8F1 /* Build configuration list for PBXProject "HighLoadBigData" */ = {
			isa = XCConfigurationList;
			buildConfigurations = (
				F819BA342053AE5C00FBB8F1 /* Debug */,
				F819BA352053AE5C00FBB8F1 /* Release */,
			);
			defaultConfigurationIsVisible = 0;
			defaultConfigurationName = Release;
		};
		F819BA362053AE5C00FBB8F1 /* Build configuration list for PBXNativeTarget "HighLoadBigData" */ = {
			isa = XCConfigurationList;
			buildConfigurations = (
				F819BA372053AE5C00FBB8F1 /* Debug */,
				F819BA382053AE5C00FBB8F1 /* Release */,
			);
			defaultConfigurationIsVisible = 0;
			defaultConfigurationName = Release;
		};
		F819BA392053AE5C00FBB8F1 /* Build configuration list for PBXNativeTarget "HighLoadBigDataTests" */ = {
			isa = XCConfigurationList;
			buildConfigurations = (
				F819BA3A2053AE5C00FBB8F1 /* Debug */,
				F819BA3B2053AE5C00FBB8F1 /* Release */,
			);
			defaultConfigurationIsVisible = 0;
			defaultConfigurationName = Release;
		};
		F819BA3C2053AE5C00FBB8F1 /* Build configuration list for PBXNativeTarget "HighLoadBigDataUITests" */ = {
			isa = XCConfigurationList;
			buildConfigurations = (
				F819BA3D2053AE5C00FBB8F1 /* Debug */,
				F819BA3E2053AE5C00FBB8F1 /* Release */,
			);
			defaultConfigurationIsVisible = 0;
			defaultConfigurationName = Release;
		};
/* End XCConfigurationList section */
	};
	rootObject = F819BA062053AE5C00FBB8F1 /* Project object */;
}
